
Microsoft Visual Studio Solution File, Format Version 12.00
# Visual Studio 15
VisualStudioVersion = 15.0.27428.2015
MinimumVisualStudioVersion = 10.0.40219.1
Project("{FAE04EC0-301F-11D3-BF4B-00C04F79EFBC}") = "FireShrine", "FireShrine\FireShrine.csproj", "{C16B781C-932C-4641-A602-659EB06AB80E}"
EndProject
Global
	GlobalSection(SolutionConfigurationPlatforms) = preSolution
		Debug|Any CPU = Debug|Any CPU
		Release|Any CPU = Release|Any CPU
	EndGlobalSection
	GlobalSection(ProjectConfigurationPlatforms) = postSolution
		{C16B781C-932C-4641-A602-659EB06AB80E}.Debug|Any CPU.ActiveCfg = Debug|Any CPU
		{C16B781C-932C-4641-A602-659EB06AB80E}.Debug|Any CPU.Build.0 = Debug|Any CPU
		{C16B781C-932C-4641-A602-659EB06AB80E}.Release|Any CPU.ActiveCfg = Release|Any CPU
		{C16B781C-932C-4641-A602-659EB06AB80E}.Release|Any CPU.Build.0 = Release|Any CPU
	EndGlobalSection
	GlobalSection(SolutionProperties) = preSolution
		HideSolutionNode = FALSE
	EndGlobalSection
	GlobalSection(ExtensibilityGlobals) = postSolution
		SolutionGuid = {80193075-0877-432B-AF31-28027F7893DE}
	EndGlobalSection
EndGlobal
